// !$*UTF8*$!
{
	archiveVersion = 1;
	classes = {
	};
	objectVersion = 46;
	objects = {

/* Begin PBXFileReference section */
		F3193A0A19CB6FE00057BBBD /* stdio.s */ = {isa = PBXFileReference; lastKnownFileType = sourcecode.asm; path = stdio.s; sourceTree = "<group>"; };
		F3193A0C19CB6FE00057BBBD /* boot1.bin */ = {isa = PBXFileReference; lastKnownFileType = archive.macbinary; path = boot1.bin; sourceTree = "<group>"; };
		F3193A0D19CB6FE00057BBBD /* kernel.bin */ = {isa = PBXFileReference; lastKnownFileType = archive.macbinary; path = kernel.bin; sourceTree = "<group>"; };
		F3193A1B19CB6FE00057BBBD /* build.sh */ = {isa = PBXFileReference; lastKnownFileType = text.script.sh; path = build.sh; sourceTree = "<group>"; };
		F3193A1C19CB6FE00057BBBD /* run.sh */ = {isa = PBXFileReference; lastKnownFileType = text.script.sh; path = run.sh; sourceTree = "<group>"; };
		F3193A1D19CB6FE00057BBBD /* sfk */ = {isa = PBXFileReference; lastKnownFileType = "compiled.mach-o.executable"; path = sfk; sourceTree = "<group>"; };
		F3193A1E19CB79300057BBBD /* keymap.s */ = {isa = PBXFileReference; lastKnownFileType = sourcecode.asm; path = keymap.s; sourceTree = "<group>"; };
		F35C229E19CD633F002F25B0 /* terminal.s */ = {isa = PBXFileReference; lastKnownFileType = sourcecode.asm; path = terminal.s; sourceTree = "<group>"; };
		F376D67419CC891400D8CC2E /* string.s */ = {isa = PBXFileReference; lastKnownFileType = sourcecode.asm; path = string.s; sourceTree = "<group>"; };
		F37FB33A19D9EAA000909A5F /* macros.s */ = {isa = PBXFileReference; lastKnownFileType = sourcecode.asm; path = macros.s; sourceTree = "<group>"; };
		F3A0E9BB19D60F5D00F7A900 /* a20.s */ = {isa = PBXFileReference; lastKnownFileType = sourcecode.asm; path = a20.s; sourceTree = "<group>"; };
		F3A0E9BC19D60F5D00F7A900 /* boot1.s */ = {isa = PBXFileReference; lastKnownFileType = sourcecode.asm; path = boot1.s; sourceTree = "<group>"; };
		F3A0E9BD19D60F5D00F7A900 /* boot2.s */ = {isa = PBXFileReference; lastKnownFileType = sourcecode.asm; path = boot2.s; sourceTree = "<group>"; };
		F3A0E9BE19D60F5D00F7A900 /* common.s */ = {isa = PBXFileReference; lastKnownFileType = sourcecode.asm; path = common.s; sourceTree = "<group>"; };
		F3A0E9BF19D60F5D00F7A900 /* fat12.s */ = {isa = PBXFileReference; lastKnownFileType = sourcecode.asm; path = fat12.s; sourceTree = "<group>"; };
		F3A0E9C019D60F5D00F7A900 /* floppy16.s */ = {isa = PBXFileReference; lastKnownFileType = sourcecode.asm; path = floppy16.s; sourceTree = "<group>"; };
		F3A0E9C119D60F5D00F7A900 /* gdt.s */ = {isa = PBXFileReference; lastKnownFileType = sourcecode.asm; path = gdt.s; sourceTree = "<group>"; };
		F3A0E9C219D60F5D00F7A900 /* kernel.s */ = {isa = PBXFileReference; lastKnownFileType = sourcecode.asm; path = kernel.s; sourceTree = "<group>"; };
		F3A0E9C319D6105D00F7A900 /* files.s */ = {isa = PBXFileReference; lastKnownFileType = sourcecode.asm; path = files.s; sourceTree = "<group>"; };
		F3A0E9C419D6105D00F7A900 /* floppyv2.s */ = {isa = PBXFileReference; lastKnownFileType = sourcecode.asm; path = floppyv2.s; sourceTree = "<group>"; };
		F3A0E9C519D6105D00F7A900 /* idt.s */ = {isa = PBXFileReference; lastKnownFileType = sourcecode.asm; name = idt.s; path = ../idt.s; sourceTree = "<group>"; };
		F3A0E9C719D6108200F7A900 /* floppyv3.s */ = {isa = PBXFileReference; lastKnownFileType = sourcecode.asm; path = floppyv3.s; sourceTree = "<group>"; };
		F3B9615219CF67F3000BC2FA /* maths.s */ = {isa = PBXFileReference; lastKnownFileType = sourcecode.asm; path = maths.s; sourceTree = "<group>"; };
		F3B9615319CF7CEA000BC2FA /* backup.txt */ = {isa = PBXFileReference; lastKnownFileType = text; path = backup.txt; sourceTree = "<group>"; };
		F3C4CEFC19D898E100927FBA /* memory.s */ = {isa = PBXFileReference; lastKnownFileType = sourcecode.asm; path = memory.s; sourceTree = "<group>"; };
		F3EC15A519DC75F400337DDA /* floppy.s */ = {isa = PBXFileReference; lastKnownFileType = sourcecode.asm; path = floppy.s; sourceTree = "<group>"; };
/* End PBXFileReference section */

/* Begin PBXGroup section */
		F31939FA19CB6FB10057BBBD = {
			isa = PBXGroup;
			children = (
				F3A0E9BA19D60F5D00F7A900 /* boot */,
				F3B9615319CF7CEA000BC2FA /* backup.txt */,
				F3193A0119CB6FE00057BBBD /* asm */,
				F3193A0B19CB6FE00057BBBD /* bin */,
				F3193A1B19CB6FE00057BBBD /* build.sh */,
				F3193A1C19CB6FE00057BBBD /* run.sh */,
				F3193A1D19CB6FE00057BBBD /* sfk */,
			);
			sourceTree = "<group>";
		};
		F3193A0119CB6FE00057BBBD /* asm */ = {
			isa = PBXGroup;
			children = (
				F3EC15A519DC75F400337DDA /* floppy.s */,
				F3A0E9C319D6105D00F7A900 /* files.s */,
				F3A0E9C419D6105D00F7A900 /* floppyv2.s */,
				F3193A0A19CB6FE00057BBBD /* stdio.s */,
				F3193A1E19CB79300057BBBD /* keymap.s */,
				F376D67419CC891400D8CC2E /* string.s */,
				F35C229E19CD633F002F25B0 /* terminal.s */,
				F3B9615219CF67F3000BC2FA /* maths.s */,
				F3A0E9C719D6108200F7A900 /* floppyv3.s */,
				F3C4CEFC19D898E100927FBA /* memory.s */,
				F37FB33A19D9EAA000909A5F /* macros.s */,
			);
			path = asm;
			sourceTree = "<group>";
		};
		F3193A0B19CB6FE00057BBBD /* bin */ = {
			isa = PBXGroup;
			children = (
				F3193A0C19CB6FE00057BBBD /* boot1.bin */,
				F3193A0D19CB6FE00057BBBD /* kernel.bin */,
			);
			path = bin;
			sourceTree = "<group>";
		};
		F3A0E9BA19D60F5D00F7A900 /* boot */ = {
			isa = PBXGroup;
			children = (
				F3A0E9C519D6105D00F7A900 /* idt.s */,
				F3A0E9BB19D60F5D00F7A900 /* a20.s */,
				F3A0E9BC19D60F5D00F7A900 /* boot1.s */,
				F3A0E9BD19D60F5D00F7A900 /* boot2.s */,
				F3A0E9BE19D60F5D00F7A900 /* common.s */,
				F3A0E9BF19D60F5D00F7A900 /* fat12.s */,
				F3A0E9C019D60F5D00F7A900 /* floppy16.s */,
				F3A0E9C119D60F5D00F7A900 /* gdt.s */,
				F3A0E9C219D60F5D00F7A900 /* kernel.s */,
			);
			name = boot;
			path = asm/boot;
			sourceTree = "<group>";
		};
/* End PBXGroup section */

/* Begin PBXProject section */
		F31939FB19CB6FB10057BBBD /* Project object */ = {
			isa = PBXProject;
			attributes = {
				LastUpgradeCheck = 0600;
			};
			buildConfigurationList = F31939FE19CB6FB10057BBBD /* Build configuration list for PBXProject "AsmOS" */;
			compatibilityVersion = "Xcode 3.2";
			developmentRegion = English;
			hasScannedForEncodings = 0;
			knownRegions = (
				en,
			);
			mainGroup = F31939FA19CB6FB10057BBBD;
			projectDirPath = "";
			projectRoot = "";
			targets = (
			);
		};
/* End PBXProject section */

/* Begin XCBuildConfiguration section */
		F31939FF19CB6FB10057BBBD /* Debug */ = {
			isa = XCBuildConfiguration;
			buildSettings = {
			};
			name = Debug;
		};
		F3193A0019CB6FB10057BBBD /* Release */ = {
			isa = XCBuildConfiguration;
			buildSettings = {
			};
			name = Release;
		};
/* End XCBuildConfiguration section */

/* Begin XCConfigurationList section */
		F31939FE19CB6FB10057BBBD /* Build configuration list for PBXProject "AsmOS" */ = {
			isa = XCConfigurationList;
			buildConfigurations = (
				F31939FF19CB6FB10057BBBD /* Debug */,
				F3193A0019CB6FB10057BBBD /* Release */,
			);
			defaultConfigurationIsVisible = 0;
			defaultConfigurationName = Release;
		};
/* End XCConfigurationList section */
	};
	rootObject = F31939FB19CB6FB10057BBBD /* Project object */;
}
